
Microsoft Visual Studio Solution File, Format Version 12.00
# Visual Studio Version 16
VisualStudioVersion = 16.0.30011.22
MinimumVisualStudioVersion = 10.0.40219.1
Project("{FAE04EC0-301F-11D3-BF4B-00C04F79EFBC}") = "Alloy.Mvc.Template", "src\AlloyMvcTemplates\Alloy.Mvc.Template.csproj", "{3D79ADE5-DADB-47D2-933D-E98F9773AFAD}"
EndProject
Project("{2150E333-8FDC-42A3-9474-1A3956D46DE8}") = "src", "src", "{F856CAEC-B3F9-4320-B39D-E8F2EB8F6111}"
EndProject
Project("{2150E333-8FDC-42A3-9474-1A3956D46DE8}") = "build", "build", "{A1272902-1CD0-4507-9714-CB3AE96E78FD}"
	ProjectSection(SolutionItems) = preProject
		.editorconfig = .editorconfig
		.gitattributes = .gitattributes
		.gitignore = .gitignore
		build.cmd = build.cmd
		build\tasks\extract-telemetry-ui.js = build\tasks\extract-telemetry-ui.js
		build\tasks\extract.js = build\tasks\extract.js
		gulpfile.js = gulpfile.js
		iisexpress.cmd = iisexpress.cmd
		karma.conf.js = karma.conf.js
		LICENSE = LICENSE
		pack.cmd = pack.cmd
		pack.ps1 = pack.ps1
		package.json = package.json
		README.md = README.md
		setup.cmd = setup.cmd
		site.cmd = site.cmd
		build\Templates.targets = build\Templates.targets
		test.cmd = test.cmd
		version.cs = version.cs
		VersionUpdate.ps1 = VersionUpdate.ps1
		build\packaging\Alloy.Sample.BlockEnhancements.nuspec = build\packaging\Alloy.Sample.BlockEnhancements.nuspec
		build\packaging\EPiServer.Labs.BlockEnhancements.nuspec = build\packaging\EPiServer.Labs.BlockEnhancements.nuspec
		build\packaging\run-deploy-template-site.ps1 = build\packaging\run-deploy-template-site.ps1
	EndProjectSection
EndProject
Project("{FAE04EC0-301F-11D3-BF4B-00C04F79EFBC}") = "EPiServer.Labs.BlockEnhancements", "src\EPiServer.Labs.BlockEnhancements\EPiServer.Labs.BlockEnhancements.csproj", "{7D3CB0B4-BF55-4577-ABF2-D83F8EA5D49F}"
EndProject
Project("{FAE04EC0-301F-11D3-BF4B-00C04F79EFBC}") = "EPiServer.Labs.BlockEnhancements.Test", "src\EPiServer.Labs.BlockEnhancements.Test\EPiServer.Labs.BlockEnhancements.Test.csproj", "{602884E4-A777-4211-88E3-8779FD83C3AA}"
EndProject
Global
	GlobalSection(SolutionConfigurationPlatforms) = preSolution
		Debug|Any CPU = Debug|Any CPU
		Release|Any CPU = Release|Any CPU
	EndGlobalSection
	GlobalSection(ProjectConfigurationPlatforms) = postSolution
		{3D79ADE5-DADB-47D2-933D-E98F9773AFAD}.Debug|Any CPU.ActiveCfg = Debug|Any CPU
		{3D79ADE5-DADB-47D2-933D-E98F9773AFAD}.Debug|Any CPU.Build.0 = Debug|Any CPU
		{3D79ADE5-DADB-47D2-933D-E98F9773AFAD}.Release|Any CPU.ActiveCfg = Release|Any CPU
		{3D79ADE5-DADB-47D2-933D-E98F9773AFAD}.Release|Any CPU.Build.0 = Release|Any CPU
		{7D3CB0B4-BF55-4577-ABF2-D83F8EA5D49F}.Debug|Any CPU.ActiveCfg = Debug|Any CPU
		{7D3CB0B4-BF55-4577-ABF2-D83F8EA5D49F}.Debug|Any CPU.Build.0 = Debug|Any CPU
		{7D3CB0B4-BF55-4577-ABF2-D83F8EA5D49F}.Release|Any CPU.ActiveCfg = Release|Any CPU
		{7D3CB0B4-BF55-4577-ABF2-D83F8EA5D49F}.Release|Any CPU.Build.0 = Release|Any CPU
		{602884E4-A777-4211-88E3-8779FD83C3AA}.Debug|Any CPU.ActiveCfg = Debug|Any CPU
		{602884E4-A777-4211-88E3-8779FD83C3AA}.Debug|Any CPU.Build.0 = Debug|Any CPU
		{602884E4-A777-4211-88E3-8779FD83C3AA}.Release|Any CPU.ActiveCfg = Release|Any CPU
		{602884E4-A777-4211-88E3-8779FD83C3AA}.Release|Any CPU.Build.0 = Release|Any CPU
	EndGlobalSection
	GlobalSection(SolutionProperties) = preSolution
		HideSolutionNode = FALSE
	EndGlobalSection
	GlobalSection(NestedProjects) = preSolution
		{3D79ADE5-DADB-47D2-933D-E98F9773AFAD} = {F856CAEC-B3F9-4320-B39D-E8F2EB8F6111}
		{7D3CB0B4-BF55-4577-ABF2-D83F8EA5D49F} = {F856CAEC-B3F9-4320-B39D-E8F2EB8F6111}
		{602884E4-A777-4211-88E3-8779FD83C3AA} = {F856CAEC-B3F9-4320-B39D-E8F2EB8F6111}
	EndGlobalSection
	GlobalSection(ExtensibilityGlobals) = postSolution
		SolutionGuid = {31F10C96-F924-4A0A-9B12-36A09C66A0B3}
	EndGlobalSection
EndGlobal
